
Microsoft Visual Studio Solution File, Format Version 12.00
# Visual Studio 15
VisualStudioVersion = 15.0.27004.2010
MinimumVisualStudioVersion = 10.0.40219.1
Project("{8BC9CEB8-8B4A-11D0-8D11-00A0C91BC942}") = "memoty management", "memoty management\memoty management.vcxproj", "{2649E941-8C0C-407F-AC92-9A63BA98099E}"
EndProject
Global
	GlobalSection(SolutionConfigurationPlatforms) = preSolution
		Debug|x64 = Debug|x64
		Debug|x86 = Debug|x86
		Release|x64 = Release|x64
		Release|x86 = Release|x86
	EndGlobalSection
	GlobalSection(ProjectConfigurationPlatforms) = postSolution
		{2649E941-8C0C-407F-AC92-9A63BA98099E}.Debug|x64.ActiveCfg = Debug|x64
		{2649E941-8C0C-407F-AC92-9A63BA98099E}.Debug|x64.Build.0 = Debug|x64
		{2649E941-8C0C-407F-AC92-9A63BA98099E}.Debug|x86.ActiveCfg = Debug|Win32
		{2649E941-8C0C-407F-AC92-9A63BA98099E}.Debug|x86.Build.0 = Debug|Win32
		{2649E941-8C0C-407F-AC92-9A63BA98099E}.Release|x64.ActiveCfg = Release|x64
		{2649E941-8C0C-407F-AC92-9A63BA98099E}.Release|x64.Build.0 = Release|x64
		{2649E941-8C0C-407F-AC92-9A63BA98099E}.Release|x86.ActiveCfg = Release|Win32
		{2649E941-8C0C-407F-AC92-9A63BA98099E}.Release|x86.Build.0 = Release|Win32
	EndGlobalSection
	GlobalSection(SolutionProperties) = preSolution
		HideSolutionNode = FALSE
	EndGlobalSection
	GlobalSection(ExtensibilityGlobals) = postSolution
		SolutionGuid = {D0E979C0-37D4-41B5-88FE-8692E0E75A24}
	EndGlobalSection
EndGlobal
